
Microsoft Visual Studio Solution File, Format Version 12.00
# Visual Studio Version 16
VisualStudioVersion = 16.0.29519.181
MinimumVisualStudioVersion = 10.0.40219.1
Project("{2150E333-8FDC-42A3-9474-1A3956D46DE8}") = "Solution Items", "Solution Items", "{74C3158F-AE58-468F-B368-5C23FB4AB733}"
	ProjectSection(SolutionItems) = preProject
		.editorconfig = .editorconfig
	EndProjectSection
EndProject
Project("{9A19103F-16F7-4668-BE54-9A1E7A4F7556}") = "UnitTests", "UnitTests\UnitTests.csproj", "{D00AD131-8A9F-4155-9859-D1678D64CE9C}"
EndProject
Project("{9A19103F-16F7-4668-BE54-9A1E7A4F7556}") = "Microservice", "Microservice\Microservice.csproj", "{5C148C8A-7235-491D-9B0B-60F52E299484}"
EndProject
Global
	GlobalSection(SolutionConfigurationPlatforms) = preSolution
		Debug|Any CPU = Debug|Any CPU
		Release|Any CPU = Release|Any CPU
	EndGlobalSection
	GlobalSection(ProjectConfigurationPlatforms) = postSolution
		{D00AD131-8A9F-4155-9859-D1678D64CE9C}.Debug|Any CPU.ActiveCfg = Debug|Any CPU
		{D00AD131-8A9F-4155-9859-D1678D64CE9C}.Debug|Any CPU.Build.0 = Debug|Any CPU
		{D00AD131-8A9F-4155-9859-D1678D64CE9C}.Release|Any CPU.ActiveCfg = Release|Any CPU
		{D00AD131-8A9F-4155-9859-D1678D64CE9C}.Release|Any CPU.Build.0 = Release|Any CPU
		{5C148C8A-7235-491D-9B0B-60F52E299484}.Debug|Any CPU.ActiveCfg = Debug|Any CPU
		{5C148C8A-7235-491D-9B0B-60F52E299484}.Debug|Any CPU.Build.0 = Debug|Any CPU
		{5C148C8A-7235-491D-9B0B-60F52E299484}.Release|Any CPU.ActiveCfg = Release|Any CPU
		{5C148C8A-7235-491D-9B0B-60F52E299484}.Release|Any CPU.Build.0 = Release|Any CPU
	EndGlobalSection
	GlobalSection(SolutionProperties) = preSolution
		HideSolutionNode = FALSE
	EndGlobalSection
	GlobalSection(ExtensibilityGlobals) = postSolution
		SolutionGuid = {5B23271E-71D6-4544-9B1D-E6919A06B55E}
	EndGlobalSection
EndGlobal
